
Microsoft Visual Studio Solution File, Format Version 12.00
# Visual Studio Version 17
VisualStudioVersion = 17.9.34728.123
MinimumVisualStudioVersion = 10.0.40219.1
Project("{9A19103F-16F7-4668-BE54-9A1E7A4F7556}") = "GYM_Backend", "GYM_Backend\GYM_Backend.csproj", "{629D721E-A473-49ED-9BD5-266912554DB8}"
EndProject
Project("{FAE04EC0-301F-11D3-BF4B-00C04F79EFBC}") = "GYM_DTOs", "GYM_DTOs\GYM_DTOs.csproj", "{B926F257-FBC3-4E1C-9A2D-F3C9698E86B9}"
EndProject
Global
	GlobalSection(SolutionConfigurationPlatforms) = preSolution
		Debug|Any CPU = Debug|Any CPU
		Release|Any CPU = Release|Any CPU
	EndGlobalSection
	GlobalSection(ProjectConfigurationPlatforms) = postSolution
		{629D721E-A473-49ED-9BD5-266912554DB8}.Debug|Any CPU.ActiveCfg = Debug|Any CPU
		{629D721E-A473-49ED-9BD5-266912554DB8}.Debug|Any CPU.Build.0 = Debug|Any CPU
		{629D721E-A473-49ED-9BD5-266912554DB8}.Release|Any CPU.ActiveCfg = Release|Any CPU
		{629D721E-A473-49ED-9BD5-266912554DB8}.Release|Any CPU.Build.0 = Release|Any CPU
		{B926F257-FBC3-4E1C-9A2D-F3C9698E86B9}.Debug|Any CPU.ActiveCfg = Debug|Any CPU
		{B926F257-FBC3-4E1C-9A2D-F3C9698E86B9}.Debug|Any CPU.Build.0 = Debug|Any CPU
		{B926F257-FBC3-4E1C-9A2D-F3C9698E86B9}.Release|Any CPU.ActiveCfg = Release|Any CPU
		{B926F257-FBC3-4E1C-9A2D-F3C9698E86B9}.Release|Any CPU.Build.0 = Release|Any CPU
	EndGlobalSection
	GlobalSection(SolutionProperties) = preSolution
		HideSolutionNode = FALSE
	EndGlobalSection
	GlobalSection(ExtensibilityGlobals) = postSolution
		SolutionGuid = {A4E7F158-74A2-4510-A784-E6ADB4B09009}
	EndGlobalSection
EndGlobal
